
Microsoft Visual Studio Solution File, Format Version 12.00
Project("{FAE04EC0-301F-11D3-BF4B-00C04F79EFBC}") = "VirtualMethodProblem.App", "VirtualMethodProblem.App\VirtualMethodProblem.App.csproj", "{C34269B7-77DF-4734-933A-A1FCF8154719}"
EndProject
Global
	GlobalSection(SolutionConfigurationPlatforms) = preSolution
		Debug|Any CPU = Debug|Any CPU
		Release|Any CPU = Release|Any CPU
	EndGlobalSection
	GlobalSection(ProjectConfigurationPlatforms) = postSolution
		{C34269B7-77DF-4734-933A-A1FCF8154719}.Debug|Any CPU.ActiveCfg = Debug|Any CPU
		{C34269B7-77DF-4734-933A-A1FCF8154719}.Debug|Any CPU.Build.0 = Debug|Any CPU
		{C34269B7-77DF-4734-933A-A1FCF8154719}.Release|Any CPU.ActiveCfg = Release|Any CPU
		{C34269B7-77DF-4734-933A-A1FCF8154719}.Release|Any CPU.Build.0 = Release|Any CPU
	EndGlobalSection
EndGlobal
